{
    "_meta": {
        "hash": {
            "sha256": "3ee16ed009979be2dcb4ea249593eb2f567825b256f02b320430b65aa4c14e35"
        },
        "pipfile-spec": 6,
        "requires": {
            "python_version": "3.8"
        },
        "sources": [
            {
                "name": "pypi",
                "url": "https://pypi.org/simple",
                "verify_ssl": true
            }
        ]
    },
    "default": {
        "tqdm": {
            "hashes": [
                "sha256:895796ea8df435b6f502bf122f2b2034a3d48e6d8ff52175606ac1051b0e3e12",
                "sha256:e405d16c98fcf30725d0c9d493ed07302a18846b5452de5253030ccd18996f87"
            ],
            "index": "pypi",
            "version": "==4.40.1"
        }
    },
    "develop": {}
}
